
Microsoft Visual Studio Solution File, Format Version 12.00
# Visual Studio 15
VisualStudioVersion = 15.0.28307.1082
MinimumVisualStudioVersion = 10.0.40219.1
Project("{9A19103F-16F7-4668-BE54-9A1E7A4F7556}") = "toplearn.web", "toplearn.web\toplearn.web.csproj", "{0425600A-44CD-4C0C-8835-8B4622A1A76A}"
EndProject
Project("{9A19103F-16F7-4668-BE54-9A1E7A4F7556}") = "toplearn.Datalayer", "toplearn.Datalayer\toplearn.Datalayer.csproj", "{8F2D22EF-FA1F-4FBC-A13A-9E4B63C45609}"
EndProject
Project("{9A19103F-16F7-4668-BE54-9A1E7A4F7556}") = "toplearn.Core", "toplearn.Core\toplearn.Core.csproj", "{ABBEC6EE-5E27-4822-B4A2-0FE5F599A2CD}"
EndProject
Global
	GlobalSection(SolutionConfigurationPlatforms) = preSolution
		Debug|Any CPU = Debug|Any CPU
		Release|Any CPU = Release|Any CPU
	EndGlobalSection
	GlobalSection(ProjectConfigurationPlatforms) = postSolution
		{0425600A-44CD-4C0C-8835-8B4622A1A76A}.Debug|Any CPU.ActiveCfg = Debug|Any CPU
		{0425600A-44CD-4C0C-8835-8B4622A1A76A}.Debug|Any CPU.Build.0 = Debug|Any CPU
		{0425600A-44CD-4C0C-8835-8B4622A1A76A}.Release|Any CPU.ActiveCfg = Release|Any CPU
		{0425600A-44CD-4C0C-8835-8B4622A1A76A}.Release|Any CPU.Build.0 = Release|Any CPU
		{8F2D22EF-FA1F-4FBC-A13A-9E4B63C45609}.Debug|Any CPU.ActiveCfg = Debug|Any CPU
		{8F2D22EF-FA1F-4FBC-A13A-9E4B63C45609}.Debug|Any CPU.Build.0 = Debug|Any CPU
		{8F2D22EF-FA1F-4FBC-A13A-9E4B63C45609}.Release|Any CPU.ActiveCfg = Release|Any CPU
		{8F2D22EF-FA1F-4FBC-A13A-9E4B63C45609}.Release|Any CPU.Build.0 = Release|Any CPU
		{ABBEC6EE-5E27-4822-B4A2-0FE5F599A2CD}.Debug|Any CPU.ActiveCfg = Debug|Any CPU
		{ABBEC6EE-5E27-4822-B4A2-0FE5F599A2CD}.Debug|Any CPU.Build.0 = Debug|Any CPU
		{ABBEC6EE-5E27-4822-B4A2-0FE5F599A2CD}.Release|Any CPU.ActiveCfg = Release|Any CPU
		{ABBEC6EE-5E27-4822-B4A2-0FE5F599A2CD}.Release|Any CPU.Build.0 = Release|Any CPU
	EndGlobalSection
	GlobalSection(SolutionProperties) = preSolution
		HideSolutionNode = FALSE
	EndGlobalSection
	GlobalSection(ExtensibilityGlobals) = postSolution
		SolutionGuid = {9DEB8731-E227-42BD-B3F4-88B8AB9C4741}
	EndGlobalSection
EndGlobal
